{
  "name": "socialmedia",
  "lockfileVersion": 2,
  "requires": true,
  "packages": {
    "": {
      "dependencies": {
        "@ckeditor/ckeditor5-special-characters": "^31.0.0"
      }
    },
    "node_modules/@ckeditor/ckeditor5-clipboard": {
      "version": "31.0.0",
      "resolved": "https://registry.npmjs.org/@ckeditor/ckeditor5-clipboard/-/ckeditor5-clipboard-31.0.0.tgz",
      "integrity": "sha512-wmdYd/bNp3zYA9ERo2ednl+ivf2xYq91iTnUDybxgexRHrMc8mjYTTzevrF4aXY56kpQR8c7dhU+Mzy68F7dTg==",
      "dependencies": {
        "@ckeditor/ckeditor5-core": "^31.0.0",
        "@ckeditor/ckeditor5-engine": "^31.0.0",
        "@ckeditor/ckeditor5-utils": "^31.0.0",
        "@ckeditor/ckeditor5-widget": "^31.0.0",
        "lodash-es": "^4.17.11"
      },
      "engines": {
        "node": ">=12.0.0",
        "npm": ">=5.7.1"
      }
    },
    "node_modules/@ckeditor/ckeditor5-core": {
      "version": "31.0.0",
      "resolved": "https://registry.npmjs.org/@ckeditor/ckeditor5-core/-/ckeditor5-core-31.0.0.tgz",
      "integrity": "sha512-8AvolCaFC/iTDJViNAQk2uJr2LLRieCEc0Kda5OUT0xgeoUF+/B5DYSU3ie8cJOghBSjZmEoZFUApqGaDm0QIA==",
      "dependencies": {
        "@ckeditor/ckeditor5-engine": "^31.0.0",
        "@ckeditor/ckeditor5-ui": "^31.0.0",
        "@ckeditor/ckeditor5-utils": "^31.0.0",
        "lodash-es": "^4.17.15"
      },
      "engines": {
        "node": ">=12.0.0",
        "npm": ">=5.7.1"
      }
    },
    "node_modules/@ckeditor/ckeditor5-engine": {
      "version": "31.0.0",
      "resolved": "https://registry.npmjs.org/@ckeditor/ckeditor5-engine/-/ckeditor5-engine-31.0.0.tgz",
      "integrity": "sha512-RVsGWx2R9T0cgDZtEo6O5GihvKB3PHoM7SJ/qbmDDWKuhJ/89KZDrWuFrgdNyfZsZwdgNplwnvX8gDvSHpRqkw==",
      "dependencies": {
        "@ckeditor/ckeditor5-utils": "^31.0.0",
        "lodash-es": "^4.17.15"
      },
      "engines": {
        "node": ">=12.0.0",
        "npm": ">=5.7.1"
      }
    },
    "node_modules/@ckeditor/ckeditor5-enter": {
      "version": "31.0.0",
      "resolved": "https://registry.npmjs.org/@ckeditor/ckeditor5-enter/-/ckeditor5-enter-31.0.0.tgz",
      "integrity": "sha512-FCv890nP1CoBLpZ8gOWmgWhmtNhSzIYODmbogI42pVhtQXbu/wMdlA5PsJF81cdrDL1MlL7Tnmor7+Yk1Ej1QQ==",
      "dependencies": {
        "@ckeditor/ckeditor5-core": "^31.0.0",
        "@ckeditor/ckeditor5-engine": "^31.0.0",
        "@ckeditor/ckeditor5-utils": "^31.0.0"
      },
      "engines": {
        "node": ">=12.0.0",
        "npm": ">=5.7.1"
      }
    },
    "node_modules/@ckeditor/ckeditor5-paragraph": {
      "version": "31.0.0",
      "resolved": "https://registry.npmjs.org/@ckeditor/ckeditor5-paragraph/-/ckeditor5-paragraph-31.0.0.tgz",
      "integrity": "sha512-v6zSihnX6/C2eQ1P0Q2V1po/u/vkiPqUKYBSagCvW6jexUhUWiAUiBfyc1mS2VUFdyr9Anw6eHaMjbauwnTmFw==",
      "dependencies": {
        "@ckeditor/ckeditor5-core": "^31.0.0",
        "@ckeditor/ckeditor5-ui": "^31.0.0",
        "@ckeditor/ckeditor5-utils": "^31.0.0"
      },
      "engines": {
        "node": ">=12.0.0",
        "npm": ">=5.7.1"
      }
    },
    "node_modules/@ckeditor/ckeditor5-select-all": {
      "version": "31.0.0",
      "resolved": "https://registry.npmjs.org/@ckeditor/ckeditor5-select-all/-/ckeditor5-select-all-31.0.0.tgz",
      "integrity": "sha512-+n3LvYx9Kdr+A0AUr012FT8O+5/A7GdkSRMI/L0gAuy1IHXYmPYzbymO+qFLY8lyrAfJvZX6rqFLcnaqtLUL6A==",
      "dependencies": {
        "@ckeditor/ckeditor5-core": "^31.0.0",
        "@ckeditor/ckeditor5-ui": "^31.0.0",
        "@ckeditor/ckeditor5-utils": "^31.0.0"
      },
      "engines": {
        "node": ">=12.0.0",
        "npm": ">=5.7.1"
      }
    },
    "node_modules/@ckeditor/ckeditor5-special-characters": {
      "version": "31.0.0",
      "resolved": "https://registry.npmjs.org/@ckeditor/ckeditor5-special-characters/-/ckeditor5-special-characters-31.0.0.tgz",
      "integrity": "sha512-ja7WjK+GHpfql+CmVV1R6m5ukiQwwenFaiwyf0e8JYrvG0h7brt32ala8Faum/HvwpaTjoLJZRLlxgtt1sTdQg==",
      "dependencies": {
        "ckeditor5": "^31.0.0"
      },
      "engines": {
        "node": ">=12.0.0",
        "npm": ">=5.7.1"
      }
    },
    "node_modules/@ckeditor/ckeditor5-typing": {
      "version": "31.0.0",
      "resolved": "https://registry.npmjs.org/@ckeditor/ckeditor5-typing/-/ckeditor5-typing-31.0.0.tgz",
      "integrity": "sha512-7lILwGNhynpUcXKqzzAmPsL57myxqFcv0K1OPb+2jkzEruaYkAINJ3fMYNBwwAxtg2wZDP598ufwonplcSNsJA==",
      "dependencies": {
        "@ckeditor/ckeditor5-core": "^31.0.0",
        "@ckeditor/ckeditor5-engine": "^31.0.0",
        "@ckeditor/ckeditor5-utils": "^31.0.0",
        "lodash-es": "^4.17.15"
      },
      "engines": {
        "node": ">=12.0.0",
        "npm": ">=5.7.1"
      }
    },
    "node_modules/@ckeditor/ckeditor5-ui": {
      "version": "31.0.0",
      "resolved": "https://registry.npmjs.org/@ckeditor/ckeditor5-ui/-/ckeditor5-ui-31.0.0.tgz",
      "integrity": "sha512-WDEwToA8FOPi/AeYqdF6isdTM7hJp26WzxDhDNGWC8aYu/zA146Z07qTbYuBOebG9TWqjsZOQYDXbH/4phmyDg==",
      "dependencies": {
        "@ckeditor/ckeditor5-core": "^31.0.0",
        "@ckeditor/ckeditor5-utils": "^31.0.0",
        "lodash-es": "^4.17.15"
      },
      "engines": {
        "node": ">=12.0.0",
        "npm": ">=5.7.1"
      }
    },
    "node_modules/@ckeditor/ckeditor5-undo": {
      "version": "31.0.0",
      "resolved": "https://registry.npmjs.org/@ckeditor/ckeditor5-undo/-/ckeditor5-undo-31.0.0.tgz",
      "integrity": "sha512-mTSjiMJ/sSTP485djBiMQ4yD7M0qDIcqDlTV6op34M1eXLY63ZwQUnd9NiOqOLrBiwaBBmnRYlSeZCQjoCuk0A==",
      "dependencies": {
        "@ckeditor/ckeditor5-core": "^31.0.0",
        "@ckeditor/ckeditor5-engine": "^31.0.0",
        "@ckeditor/ckeditor5-ui": "^31.0.0"
      },
      "engines": {
        "node": ">=12.0.0",
        "npm": ">=5.7.1"
      }
    },
    "node_modules/@ckeditor/ckeditor5-upload": {
      "version": "31.0.0",
      "resolved": "https://registry.npmjs.org/@ckeditor/ckeditor5-upload/-/ckeditor5-upload-31.0.0.tgz",
      "integrity": "sha512-ChtGU66fdqwTaOazXtRXcOi6tOzAiTPC5UUv+LycxwSB6MKbqJANg8ny9RoTGWDpHUabb6UHyX8bwlfkXKIqbQ==",
      "dependencies": {
        "@ckeditor/ckeditor5-core": "^31.0.0",
        "@ckeditor/ckeditor5-ui": "^31.0.0",
        "@ckeditor/ckeditor5-utils": "^31.0.0"
      },
      "engines": {
        "node": ">=12.0.0",
        "npm": ">=5.7.1"
      }
    },
    "node_modules/@ckeditor/ckeditor5-utils": {
      "version": "31.0.0",
      "resolved": "https://registry.npmjs.org/@ckeditor/ckeditor5-utils/-/ckeditor5-utils-31.0.0.tgz",
      "integrity": "sha512-T9S2x0AUBnhN8BJ7Pg4E8okEUccYBKyu5hp4nH2kMUSmfqeJ0JWC9CD5dA1nDOXvU10J6Rw8VoqkbRx/4MuYEw==",
      "dependencies": {
        "lodash-es": "^4.17.15"
      },
      "engines": {
        "node": ">=12.0.0",
        "npm": ">=5.7.1"
      }
    },
    "node_modules/@ckeditor/ckeditor5-widget": {
      "version": "31.0.0",
      "resolved": "https://registry.npmjs.org/@ckeditor/ckeditor5-widget/-/ckeditor5-widget-31.0.0.tgz",
      "integrity": "sha512-MCpBdT2sD/nRgC825aIaI1Tu7T6OQYvNxc6Q4D+gNkdRbLLZrGoWKHNZdgmQg9Di1WgVO1cPo+h45HO2KYHAMA==",
      "dependencies": {
        "@ckeditor/ckeditor5-core": "^31.0.0",
        "@ckeditor/ckeditor5-engine": "^31.0.0",
        "@ckeditor/ckeditor5-enter": "^31.0.0",
        "@ckeditor/ckeditor5-typing": "^31.0.0",
        "@ckeditor/ckeditor5-ui": "^31.0.0",
        "@ckeditor/ckeditor5-utils": "^31.0.0",
        "lodash-es": "^4.17.15"
      },
      "engines": {
        "node": ">=12.0.0",
        "npm": ">=5.7.1"
      }
    },
    "node_modules/ckeditor5": {
      "version": "31.0.0",
      "resolved": "https://registry.npmjs.org/ckeditor5/-/ckeditor5-31.0.0.tgz",
      "integrity": "sha512-6e6RJWn4mk3xKASy4DiwF0wz165wxagYfWsun7nB0oM4/s7Ri8T6Ihr433RVdepwaVLwrEp70yjk5pbY02cU9A==",
      "dependencies": {
        "@ckeditor/ckeditor5-clipboard": "^31.0.0",
        "@ckeditor/ckeditor5-core": "^31.0.0",
        "@ckeditor/ckeditor5-engine": "^31.0.0",
        "@ckeditor/ckeditor5-enter": "^31.0.0",
        "@ckeditor/ckeditor5-paragraph": "^31.0.0",
        "@ckeditor/ckeditor5-select-all": "^31.0.0",
        "@ckeditor/ckeditor5-typing": "^31.0.0",
        "@ckeditor/ckeditor5-ui": "^31.0.0",
        "@ckeditor/ckeditor5-undo": "^31.0.0",
        "@ckeditor/ckeditor5-upload": "^31.0.0",
        "@ckeditor/ckeditor5-utils": "^31.0.0",
        "@ckeditor/ckeditor5-widget": "^31.0.0"
      },
      "engines": {
        "node": ">=12.0.0",
        "npm": ">=5.7.1"
      }
    },
    "node_modules/lodash-es": {
      "version": "4.17.21",
      "resolved": "https://registry.npmjs.org/lodash-es/-/lodash-es-4.17.21.tgz",
      "integrity": "sha512-mKnC+QJ9pWVzv+C4/U3rRsHapFfHvQFoFB92e52xeyGMcX6/OlIl78je1u8vePzYZSkkogMPJ2yjxxsb89cxyw=="
    }
  },
  "dependencies": {
    "@ckeditor/ckeditor5-clipboard": {
      "version": "31.0.0",
      "resolved": "https://registry.npmjs.org/@ckeditor/ckeditor5-clipboard/-/ckeditor5-clipboard-31.0.0.tgz",
      "integrity": "sha512-wmdYd/bNp3zYA9ERo2ednl+ivf2xYq91iTnUDybxgexRHrMc8mjYTTzevrF4aXY56kpQR8c7dhU+Mzy68F7dTg==",
      "requires": {
        "@ckeditor/ckeditor5-core": "^31.0.0",
        "@ckeditor/ckeditor5-engine": "^31.0.0",
        "@ckeditor/ckeditor5-utils": "^31.0.0",
        "@ckeditor/ckeditor5-widget": "^31.0.0",
        "lodash-es": "^4.17.11"
      }
    },
    "@ckeditor/ckeditor5-core": {
      "version": "31.0.0",
      "resolved": "https://registry.npmjs.org/@ckeditor/ckeditor5-core/-/ckeditor5-core-31.0.0.tgz",
      "integrity": "sha512-8AvolCaFC/iTDJViNAQk2uJr2LLRieCEc0Kda5OUT0xgeoUF+/B5DYSU3ie8cJOghBSjZmEoZFUApqGaDm0QIA==",
      "requires": {
        "@ckeditor/ckeditor5-engine": "^31.0.0",
        "@ckeditor/ckeditor5-ui": "^31.0.0",
        "@ckeditor/ckeditor5-utils": "^31.0.0",
        "lodash-es": "^4.17.15"
      }
    },
    "@ckeditor/ckeditor5-engine": {
      "version": "31.0.0",
      "resolved": "https://registry.npmjs.org/@ckeditor/ckeditor5-engine/-/ckeditor5-engine-31.0.0.tgz",
      "integrity": "sha512-RVsGWx2R9T0cgDZtEo6O5GihvKB3PHoM7SJ/qbmDDWKuhJ/89KZDrWuFrgdNyfZsZwdgNplwnvX8gDvSHpRqkw==",
      "requires": {
        "@ckeditor/ckeditor5-utils": "^31.0.0",
        "lodash-es": "^4.17.15"
      }
    },
    "@ckeditor/ckeditor5-enter": {
      "version": "31.0.0",
      "resolved": "https://registry.npmjs.org/@ckeditor/ckeditor5-enter/-/ckeditor5-enter-31.0.0.tgz",
      "integrity": "sha512-FCv890nP1CoBLpZ8gOWmgWhmtNhSzIYODmbogI42pVhtQXbu/wMdlA5PsJF81cdrDL1MlL7Tnmor7+Yk1Ej1QQ==",
      "requires": {
        "@ckeditor/ckeditor5-core": "^31.0.0",
        "@ckeditor/ckeditor5-engine": "^31.0.0",
        "@ckeditor/ckeditor5-utils": "^31.0.0"
      }
    },
    "@ckeditor/ckeditor5-paragraph": {
      "version": "31.0.0",
      "resolved": "https://registry.npmjs.org/@ckeditor/ckeditor5-paragraph/-/ckeditor5-paragraph-31.0.0.tgz",
      "integrity": "sha512-v6zSihnX6/C2eQ1P0Q2V1po/u/vkiPqUKYBSagCvW6jexUhUWiAUiBfyc1mS2VUFdyr9Anw6eHaMjbauwnTmFw==",
      "requires": {
        "@ckeditor/ckeditor5-core": "^31.0.0",
        "@ckeditor/ckeditor5-ui": "^31.0.0",
        "@ckeditor/ckeditor5-utils": "^31.0.0"
      }
    },
    "@ckeditor/ckeditor5-select-all": {
      "version": "31.0.0",
      "resolved": "https://registry.npmjs.org/@ckeditor/ckeditor5-select-all/-/ckeditor5-select-all-31.0.0.tgz",
      "integrity": "sha512-+n3LvYx9Kdr+A0AUr012FT8O+5/A7GdkSRMI/L0gAuy1IHXYmPYzbymO+qFLY8lyrAfJvZX6rqFLcnaqtLUL6A==",
      "requires": {
        "@ckeditor/ckeditor5-core": "^31.0.0",
        "@ckeditor/ckeditor5-ui": "^31.0.0",
        "@ckeditor/ckeditor5-utils": "^31.0.0"
      }
    },
    "@ckeditor/ckeditor5-special-characters": {
      "version": "31.0.0",
      "resolved": "https://registry.npmjs.org/@ckeditor/ckeditor5-special-characters/-/ckeditor5-special-characters-31.0.0.tgz",
      "integrity": "sha512-ja7WjK+GHpfql+CmVV1R6m5ukiQwwenFaiwyf0e8JYrvG0h7brt32ala8Faum/HvwpaTjoLJZRLlxgtt1sTdQg==",
      "requires": {
        "ckeditor5": "^31.0.0"
      }
    },
    "@ckeditor/ckeditor5-typing": {
      "version": "31.0.0",
      "resolved": "https://registry.npmjs.org/@ckeditor/ckeditor5-typing/-/ckeditor5-typing-31.0.0.tgz",
      "integrity": "sha512-7lILwGNhynpUcXKqzzAmPsL57myxqFcv0K1OPb+2jkzEruaYkAINJ3fMYNBwwAxtg2wZDP598ufwonplcSNsJA==",
      "requires": {
        "@ckeditor/ckeditor5-core": "^31.0.0",
        "@ckeditor/ckeditor5-engine": "^31.0.0",
        "@ckeditor/ckeditor5-utils": "^31.0.0",
        "lodash-es": "^4.17.15"
      }
    },
    "@ckeditor/ckeditor5-ui": {
      "version": "31.0.0",
      "resolved": "https://registry.npmjs.org/@ckeditor/ckeditor5-ui/-/ckeditor5-ui-31.0.0.tgz",
      "integrity": "sha512-WDEwToA8FOPi/AeYqdF6isdTM7hJp26WzxDhDNGWC8aYu/zA146Z07qTbYuBOebG9TWqjsZOQYDXbH/4phmyDg==",
      "requires": {
        "@ckeditor/ckeditor5-core": "^31.0.0",
        "@ckeditor/ckeditor5-utils": "^31.0.0",
        "lodash-es": "^4.17.15"
      }
    },
    "@ckeditor/ckeditor5-undo": {
      "version": "31.0.0",
      "resolved": "https://registry.npmjs.org/@ckeditor/ckeditor5-undo/-/ckeditor5-undo-31.0.0.tgz",
      "integrity": "sha512-mTSjiMJ/sSTP485djBiMQ4yD7M0qDIcqDlTV6op34M1eXLY63ZwQUnd9NiOqOLrBiwaBBmnRYlSeZCQjoCuk0A==",
      "requires": {
        "@ckeditor/ckeditor5-core": "^31.0.0",
        "@ckeditor/ckeditor5-engine": "^31.0.0",
        "@ckeditor/ckeditor5-ui": "^31.0.0"
      }
    },
    "@ckeditor/ckeditor5-upload": {
      "version": "31.0.0",
      "resolved": "https://registry.npmjs.org/@ckeditor/ckeditor5-upload/-/ckeditor5-upload-31.0.0.tgz",
      "integrity": "sha512-ChtGU66fdqwTaOazXtRXcOi6tOzAiTPC5UUv+LycxwSB6MKbqJANg8ny9RoTGWDpHUabb6UHyX8bwlfkXKIqbQ==",
      "requires": {
        "@ckeditor/ckeditor5-core": "^31.0.0",
        "@ckeditor/ckeditor5-ui": "^31.0.0",
        "@ckeditor/ckeditor5-utils": "^31.0.0"
      }
    },
    "@ckeditor/ckeditor5-utils": {
      "version": "31.0.0",
      "resolved": "https://registry.npmjs.org/@ckeditor/ckeditor5-utils/-/ckeditor5-utils-31.0.0.tgz",
      "integrity": "sha512-T9S2x0AUBnhN8BJ7Pg4E8okEUccYBKyu5hp4nH2kMUSmfqeJ0JWC9CD5dA1nDOXvU10J6Rw8VoqkbRx/4MuYEw==",
      "requires": {
        "lodash-es": "^4.17.15"
      }
    },
    "@ckeditor/ckeditor5-widget": {
      "version": "31.0.0",
      "resolved": "https://registry.npmjs.org/@ckeditor/ckeditor5-widget/-/ckeditor5-widget-31.0.0.tgz",
      "integrity": "sha512-MCpBdT2sD/nRgC825aIaI1Tu7T6OQYvNxc6Q4D+gNkdRbLLZrGoWKHNZdgmQg9Di1WgVO1cPo+h45HO2KYHAMA==",
      "requires": {
        "@ckeditor/ckeditor5-core": "^31.0.0",
        "@ckeditor/ckeditor5-engine": "^31.0.0",
        "@ckeditor/ckeditor5-enter": "^31.0.0",
        "@ckeditor/ckeditor5-typing": "^31.0.0",
        "@ckeditor/ckeditor5-ui": "^31.0.0",
        "@ckeditor/ckeditor5-utils": "^31.0.0",
        "lodash-es": "^4.17.15"
      }
    },
    "ckeditor5": {
      "version": "31.0.0",
      "resolved": "https://registry.npmjs.org/ckeditor5/-/ckeditor5-31.0.0.tgz",
      "integrity": "sha512-6e6RJWn4mk3xKASy4DiwF0wz165wxagYfWsun7nB0oM4/s7Ri8T6Ihr433RVdepwaVLwrEp70yjk5pbY02cU9A==",
      "requires": {
        "@ckeditor/ckeditor5-clipboard": "^31.0.0",
        "@ckeditor/ckeditor5-core": "^31.0.0",
        "@ckeditor/ckeditor5-engine": "^31.0.0",
        "@ckeditor/ckeditor5-enter": "^31.0.0",
        "@ckeditor/ckeditor5-paragraph": "^31.0.0",
        "@ckeditor/ckeditor5-select-all": "^31.0.0",
        "@ckeditor/ckeditor5-typing": "^31.0.0",
        "@ckeditor/ckeditor5-ui": "^31.0.0",
        "@ckeditor/ckeditor5-undo": "^31.0.0",
        "@ckeditor/ckeditor5-upload": "^31.0.0",
        "@ckeditor/ckeditor5-utils": "^31.0.0",
        "@ckeditor/ckeditor5-widget": "^31.0.0"
      }
    },
    "lodash-es": {
      "version": "4.17.21",
      "resolved": "https://registry.npmjs.org/lodash-es/-/lodash-es-4.17.21.tgz",
      "integrity": "sha512-mKnC+QJ9pWVzv+C4/U3rRsHapFfHvQFoFB92e52xeyGMcX6/OlIl78je1u8vePzYZSkkogMPJ2yjxxsb89cxyw=="
    }
  }
}
